
Microsoft Visual Studio Solution File, Format Version 12.00
# Visual Studio Version 16
VisualStudioVersion = 16.0.30523.141
MinimumVisualStudioVersion = 10.0.40219.1
Project("{FAE04EC0-301F-11D3-BF4B-00C04F79EFBC}") = "MESSI_DUAL", "MESSI_DUAL.csproj", "{7B79C6A8-6F35-427B-B4D4-7301F6F1D56B}"
EndProject
Project("{FAE04EC0-301F-11D3-BF4B-00C04F79EFBC}") = "MESSI_FormBase", "..\MESSI_FormBase\MESSI_FormBase.csproj", "{45D2E5E8-FCE8-4575-A325-DB19C3360F94}"
EndProject
Project("{FAE04EC0-301F-11D3-BF4B-00C04F79EFBC}") = "MESSI_PopUpBase", "..\MESSI_BasePopUp\MESSI_PopUpBase.csproj", "{0F9B0560-F486-4094-9051-CD5BCFA79146}"
EndProject
Project("{FAE04EC0-301F-11D3-BF4B-00C04F79EFBC}") = "MESSI_Libreria", "..\MESSI_Libreria\MESSI_Libreria.csproj", "{3C3EF610-816A-4114-B254-68FA0F8CCBC4}"
EndProject
Project("{FAE04EC0-301F-11D3-BF4B-00C04F79EFBC}") = "MESSI_AccesoDatos", "..\MESSI_AccesoDatos\MESSI_AccesoDatos.csproj", "{5B9490B9-BD55-4E90-9BEA-A48E9056A1C9}"
EndProject
<<<<<<< HEAD
=======
<<<<<<< Updated upstream
=======
>>>>>>> sam
Project("{2150E333-8FDC-42A3-9474-1A3956D46DE8}") = "Solution Items", "Solution Items", "{5357EB77-4E2A-4CF1-AA93-9D1CD2231383}"
	ProjectSection(SolutionItems) = preProject
		.editorconfig = .editorconfig
	EndProjectSection
EndProject
<<<<<<< HEAD
=======
Project("{FAE04EC0-301F-11D3-BF4B-00C04F79EFBC}") = "MESSI_Client", "..\MESSI_Client\MESSI_Client.csproj", "{0F0A27B2-235F-479B-9CD7-C555DA1F4F24}"
EndProject
>>>>>>> Stashed changes
>>>>>>> sam
Global
	GlobalSection(SolutionConfigurationPlatforms) = preSolution
		Debug|Any CPU = Debug|Any CPU
		Release|Any CPU = Release|Any CPU
	EndGlobalSection
	GlobalSection(ProjectConfigurationPlatforms) = postSolution
		{7B79C6A8-6F35-427B-B4D4-7301F6F1D56B}.Debug|Any CPU.ActiveCfg = Debug|Any CPU
		{7B79C6A8-6F35-427B-B4D4-7301F6F1D56B}.Debug|Any CPU.Build.0 = Debug|Any CPU
		{7B79C6A8-6F35-427B-B4D4-7301F6F1D56B}.Release|Any CPU.ActiveCfg = Release|Any CPU
		{7B79C6A8-6F35-427B-B4D4-7301F6F1D56B}.Release|Any CPU.Build.0 = Release|Any CPU
		{45D2E5E8-FCE8-4575-A325-DB19C3360F94}.Debug|Any CPU.ActiveCfg = Debug|Any CPU
		{45D2E5E8-FCE8-4575-A325-DB19C3360F94}.Debug|Any CPU.Build.0 = Debug|Any CPU
		{45D2E5E8-FCE8-4575-A325-DB19C3360F94}.Release|Any CPU.ActiveCfg = Release|Any CPU
		{45D2E5E8-FCE8-4575-A325-DB19C3360F94}.Release|Any CPU.Build.0 = Release|Any CPU
		{0F9B0560-F486-4094-9051-CD5BCFA79146}.Debug|Any CPU.ActiveCfg = Debug|Any CPU
		{0F9B0560-F486-4094-9051-CD5BCFA79146}.Debug|Any CPU.Build.0 = Debug|Any CPU
		{0F9B0560-F486-4094-9051-CD5BCFA79146}.Release|Any CPU.ActiveCfg = Release|Any CPU
		{0F9B0560-F486-4094-9051-CD5BCFA79146}.Release|Any CPU.Build.0 = Release|Any CPU
		{3C3EF610-816A-4114-B254-68FA0F8CCBC4}.Debug|Any CPU.ActiveCfg = Debug|Any CPU
		{3C3EF610-816A-4114-B254-68FA0F8CCBC4}.Debug|Any CPU.Build.0 = Debug|Any CPU
		{3C3EF610-816A-4114-B254-68FA0F8CCBC4}.Release|Any CPU.ActiveCfg = Release|Any CPU
		{3C3EF610-816A-4114-B254-68FA0F8CCBC4}.Release|Any CPU.Build.0 = Release|Any CPU
		{5B9490B9-BD55-4E90-9BEA-A48E9056A1C9}.Debug|Any CPU.ActiveCfg = Debug|Any CPU
		{5B9490B9-BD55-4E90-9BEA-A48E9056A1C9}.Debug|Any CPU.Build.0 = Debug|Any CPU
		{5B9490B9-BD55-4E90-9BEA-A48E9056A1C9}.Release|Any CPU.ActiveCfg = Release|Any CPU
		{5B9490B9-BD55-4E90-9BEA-A48E9056A1C9}.Release|Any CPU.Build.0 = Release|Any CPU
		{0F0A27B2-235F-479B-9CD7-C555DA1F4F24}.Debug|Any CPU.ActiveCfg = Debug|Any CPU
		{0F0A27B2-235F-479B-9CD7-C555DA1F4F24}.Debug|Any CPU.Build.0 = Debug|Any CPU
		{0F0A27B2-235F-479B-9CD7-C555DA1F4F24}.Release|Any CPU.ActiveCfg = Release|Any CPU
		{0F0A27B2-235F-479B-9CD7-C555DA1F4F24}.Release|Any CPU.Build.0 = Release|Any CPU
	EndGlobalSection
	GlobalSection(SolutionProperties) = preSolution
		HideSolutionNode = FALSE
	EndGlobalSection
	GlobalSection(ExtensibilityGlobals) = postSolution
		SolutionGuid = {B5A23AFE-D20A-4932-A0FC-E45CA751ADAA}
	EndGlobalSection
EndGlobal
