
Microsoft Visual Studio Solution File, Format Version 12.00
# Visual Studio Version 16
VisualStudioVersion = 16.0.30523.141
MinimumVisualStudioVersion = 10.0.40219.1
Project("{FAE04EC0-301F-11D3-BF4B-00C04F79EFBC}") = "MESSI_DUAL", "MESSI_DUAL.csproj", "{7B79C6A8-6F35-427B-B4D4-7301F6F1D56B}"
EndProject
Project("{FAE04EC0-301F-11D3-BF4B-00C04F79EFBC}") = "MESSI_FormBase", "..\MESSI_FormBase\MESSI_FormBase.csproj", "{45D2E5E8-FCE8-4575-A325-DB19C3360F94}"
EndProject
Project("{FAE04EC0-301F-11D3-BF4B-00C04F79EFBC}") = "cs_log", "..\cs_log\cs_log.csproj", "{67DA3BBD-79B1-4072-8C21-9F5B8C548BD1}"
EndProject
Global
	GlobalSection(SolutionConfigurationPlatforms) = preSolution
		Debug|Any CPU = Debug|Any CPU
		Release|Any CPU = Release|Any CPU
	EndGlobalSection
	GlobalSection(ProjectConfigurationPlatforms) = postSolution
		{7B79C6A8-6F35-427B-B4D4-7301F6F1D56B}.Debug|Any CPU.ActiveCfg = Debug|Any CPU
		{7B79C6A8-6F35-427B-B4D4-7301F6F1D56B}.Debug|Any CPU.Build.0 = Debug|Any CPU
		{7B79C6A8-6F35-427B-B4D4-7301F6F1D56B}.Release|Any CPU.ActiveCfg = Release|Any CPU
		{7B79C6A8-6F35-427B-B4D4-7301F6F1D56B}.Release|Any CPU.Build.0 = Release|Any CPU
		{45D2E5E8-FCE8-4575-A325-DB19C3360F94}.Debug|Any CPU.ActiveCfg = Debug|Any CPU
		{45D2E5E8-FCE8-4575-A325-DB19C3360F94}.Debug|Any CPU.Build.0 = Debug|Any CPU
		{45D2E5E8-FCE8-4575-A325-DB19C3360F94}.Release|Any CPU.ActiveCfg = Release|Any CPU
		{45D2E5E8-FCE8-4575-A325-DB19C3360F94}.Release|Any CPU.Build.0 = Release|Any CPU
		{67DA3BBD-79B1-4072-8C21-9F5B8C548BD1}.Debug|Any CPU.ActiveCfg = Debug|Any CPU
		{67DA3BBD-79B1-4072-8C21-9F5B8C548BD1}.Debug|Any CPU.Build.0 = Debug|Any CPU
		{67DA3BBD-79B1-4072-8C21-9F5B8C548BD1}.Release|Any CPU.ActiveCfg = Release|Any CPU
		{67DA3BBD-79B1-4072-8C21-9F5B8C548BD1}.Release|Any CPU.Build.0 = Release|Any CPU
	EndGlobalSection
	GlobalSection(SolutionProperties) = preSolution
		HideSolutionNode = FALSE
	EndGlobalSection
	GlobalSection(ExtensibilityGlobals) = postSolution
		SolutionGuid = {B5A23AFE-D20A-4932-A0FC-E45CA751ADAA}
	EndGlobalSection
EndGlobal
